
Microsoft Visual Studio Solution File, Format Version 12.00
# Visual Studio Version 17
VisualStudioVersion = 17.3.32922.545
MinimumVisualStudioVersion = 10.0.40219.1
Project("{FAE04EC0-301F-11D3-BF4B-00C04F79EFBC}") = "Lab11WpfApp", "Lab11WpfApp.csproj", "{59C4136B-51A0-4587-9D6C-9BC4D0B5DC1B}"
EndProject
Global
	GlobalSection(SolutionConfigurationPlatforms) = preSolution
		Debug|Any CPU = Debug|Any CPU
		Release|Any CPU = Release|Any CPU
	EndGlobalSection
	GlobalSection(ProjectConfigurationPlatforms) = postSolution
		{59C4136B-51A0-4587-9D6C-9BC4D0B5DC1B}.Debug|Any CPU.ActiveCfg = Debug|Any CPU
		{59C4136B-51A0-4587-9D6C-9BC4D0B5DC1B}.Debug|Any CPU.Build.0 = Debug|Any CPU
		{59C4136B-51A0-4587-9D6C-9BC4D0B5DC1B}.Release|Any CPU.ActiveCfg = Release|Any CPU
		{59C4136B-51A0-4587-9D6C-9BC4D0B5DC1B}.Release|Any CPU.Build.0 = Release|Any CPU
	EndGlobalSection
	GlobalSection(SolutionProperties) = preSolution
		HideSolutionNode = FALSE
	EndGlobalSection
	GlobalSection(ExtensibilityGlobals) = postSolution
		SolutionGuid = {75827730-B6A6-461B-8A84-1ED91AA37E41}
	EndGlobalSection
EndGlobal
